
Microsoft Visual Studio Solution File, Format Version 12.00
# Visual Studio 15
VisualStudioVersion = 15.0.26124.0
MinimumVisualStudioVersion = 15.0.26124.0
Project("{2150E333-8FDC-42A3-9474-1A3956D46DE8}") = "src", "src", "{C7B509E4-8420-4DD2-AD74-288D71BC65FD}"
EndProject
Project("{FAE04EC0-301F-11D3-BF4B-00C04F79EFBC}") = "CommandAPI", "src\CommandAPI\CommandAPI.csproj", "{499E4A92-6657-4111-98AE-25799A4D47C7}"
EndProject
Project("{2150E333-8FDC-42A3-9474-1A3956D46DE8}") = "test", "test", "{6A299E68-8038-43D5-ACD8-1636F68FF08C}"
EndProject
Project("{FAE04EC0-301F-11D3-BF4B-00C04F79EFBC}") = "CommandAPI.Tests", "test\CommandAPI.Tests\CommandAPI.Tests.csproj", "{12CC17D3-FC1C-4D64-B4A2-62709FC2D775}"
EndProject
Global
	GlobalSection(SolutionConfigurationPlatforms) = preSolution
		Debug|Any CPU = Debug|Any CPU
		Debug|x64 = Debug|x64
		Debug|x86 = Debug|x86
		Release|Any CPU = Release|Any CPU
		Release|x64 = Release|x64
		Release|x86 = Release|x86
	EndGlobalSection
	GlobalSection(SolutionProperties) = preSolution
		HideSolutionNode = FALSE
	EndGlobalSection
	GlobalSection(ProjectConfigurationPlatforms) = postSolution
		{499E4A92-6657-4111-98AE-25799A4D47C7}.Debug|Any CPU.ActiveCfg = Debug|Any CPU
		{499E4A92-6657-4111-98AE-25799A4D47C7}.Debug|Any CPU.Build.0 = Debug|Any CPU
		{499E4A92-6657-4111-98AE-25799A4D47C7}.Debug|x64.ActiveCfg = Debug|Any CPU
		{499E4A92-6657-4111-98AE-25799A4D47C7}.Debug|x64.Build.0 = Debug|Any CPU
		{499E4A92-6657-4111-98AE-25799A4D47C7}.Debug|x86.ActiveCfg = Debug|Any CPU
		{499E4A92-6657-4111-98AE-25799A4D47C7}.Debug|x86.Build.0 = Debug|Any CPU
		{499E4A92-6657-4111-98AE-25799A4D47C7}.Release|Any CPU.ActiveCfg = Release|Any CPU
		{499E4A92-6657-4111-98AE-25799A4D47C7}.Release|Any CPU.Build.0 = Release|Any CPU
		{499E4A92-6657-4111-98AE-25799A4D47C7}.Release|x64.ActiveCfg = Release|Any CPU
		{499E4A92-6657-4111-98AE-25799A4D47C7}.Release|x64.Build.0 = Release|Any CPU
		{499E4A92-6657-4111-98AE-25799A4D47C7}.Release|x86.ActiveCfg = Release|Any CPU
		{499E4A92-6657-4111-98AE-25799A4D47C7}.Release|x86.Build.0 = Release|Any CPU
		{12CC17D3-FC1C-4D64-B4A2-62709FC2D775}.Debug|Any CPU.ActiveCfg = Debug|Any CPU
		{12CC17D3-FC1C-4D64-B4A2-62709FC2D775}.Debug|Any CPU.Build.0 = Debug|Any CPU
		{12CC17D3-FC1C-4D64-B4A2-62709FC2D775}.Debug|x64.ActiveCfg = Debug|Any CPU
		{12CC17D3-FC1C-4D64-B4A2-62709FC2D775}.Debug|x64.Build.0 = Debug|Any CPU
		{12CC17D3-FC1C-4D64-B4A2-62709FC2D775}.Debug|x86.ActiveCfg = Debug|Any CPU
		{12CC17D3-FC1C-4D64-B4A2-62709FC2D775}.Debug|x86.Build.0 = Debug|Any CPU
		{12CC17D3-FC1C-4D64-B4A2-62709FC2D775}.Release|Any CPU.ActiveCfg = Release|Any CPU
		{12CC17D3-FC1C-4D64-B4A2-62709FC2D775}.Release|Any CPU.Build.0 = Release|Any CPU
		{12CC17D3-FC1C-4D64-B4A2-62709FC2D775}.Release|x64.ActiveCfg = Release|Any CPU
		{12CC17D3-FC1C-4D64-B4A2-62709FC2D775}.Release|x64.Build.0 = Release|Any CPU
		{12CC17D3-FC1C-4D64-B4A2-62709FC2D775}.Release|x86.ActiveCfg = Release|Any CPU
		{12CC17D3-FC1C-4D64-B4A2-62709FC2D775}.Release|x86.Build.0 = Release|Any CPU
	EndGlobalSection
	GlobalSection(NestedProjects) = preSolution
		{499E4A92-6657-4111-98AE-25799A4D47C7} = {C7B509E4-8420-4DD2-AD74-288D71BC65FD}
		{12CC17D3-FC1C-4D64-B4A2-62709FC2D775} = {6A299E68-8038-43D5-ACD8-1636F68FF08C}
	EndGlobalSection
EndGlobal
